PODS:
  - boost (1.76.0)
  - CashfreeAnalyticsSDK (2.0.5):
    - CFNetworkSDK (~> 2.0.5)
  - CashfreePG (2.0.10):
    - CashfreePGUISDK (~> 2.0.10)
  - CashfreePGCoreSDK (2.0.10):
    - CashfreeAnalyticsSDK (~> 2.0.5)
  - CashfreePGUISDK (2.0.10):
    - CashfreePGCoreSDK (~> 2.0.10)
  - CFNetworkSDK (2.0.5)
  - Charts (4.1.0):
    - Charts/Core (= 4.1.0)
  - Charts/Core (4.1.0):
    - SwiftAlgorithms (~> 1.0)
  - DoubleConversion (1.1.6)
  - FBLazyVector (0.72.3)
  - FBReactNativeSpec (0.72.3):
    - RCT-Folly (= 2021.07.22.00)
    - RCTRequired (= 0.72.3)
    - RCTTypeSafety (= 0.72.3)
    - React-Core (= 0.72.3)
    - React-jsi (= 0.72.3)
    - ReactCommon/turbomodule/core (= 0.72.3)
  - Firebase/CoreOnly (7.6.0):
    - FirebaseCore (= 7.6.0)
  - Firebase/Crashlytics (7.6.0):
    - Firebase/CoreOnly
    - FirebaseCrashlytics (~> 7.6.0)
  - FirebaseCore (7.6.0):
    - FirebaseCoreDiagnostics (~> 7.4)
    - GoogleUtilities/Environment (~> 7.0)
    - GoogleUtilities/Logger (~> 7.0)
  - FirebaseCoreDiagnostics (7.9.0):
    - GoogleDataTransport (~> 8.0)
    - GoogleUtilities/Environment (~> 7.0)
    - GoogleUtilities/Logger (~> 7.0)
    - nanopb (~> 2.30907.0)
  - FirebaseCrashlytics (7.6.0):
    - FirebaseCore (~> 7.0)
    - FirebaseInstallations (~> 7.0)
    - GoogleDataTransport (~> 8.0)
    - nanopb (~> 2.30907.0)
    - PromisesObjC (~> 1.2)
  - FirebaseInstallations (7.11.0):
    - FirebaseCore (~> 7.0)
    - GoogleUtilities/Environment (~> 7.0)
    - GoogleUtilities/UserDefaults (~> 7.0)
    - PromisesObjC (~> 1.2)
  - fmt (6.2.1)
  - glog (0.3.5)
  - GoogleDataTransport (8.3.1):
    - GoogleUtilities/Environment (~> 7.2)
    - nanopb (~> 2.30907.0)
    - PromisesObjC (~> 1.2)
  - GoogleUtilities/Environment (7.12.0):
    - PromisesObjC (< 3.0, >= 1.2)
  - GoogleUtilities/Logger (7.12.0):
    - GoogleUtilities/Environment
  - GoogleUtilities/UserDefaults (7.12.0):
    - GoogleUtilities/Logger
  - hermes-engine (0.72.3):
    - hermes-engine/Pre-built (= 0.72.3)
  - hermes-engine/Pre-built (0.72.3)
  - libevent (2.1.12)
  - libwebp (1.3.2):
    - libwebp/demux (= 1.3.2)
    - libwebp/mux (= 1.3.2)
    - libwebp/sharpyuv (= 1.3.2)
    - libwebp/webp (= 1.3.2)
  - libwebp/demux (1.3.2):
    - libwebp/webp
  - libwebp/mux (1.3.2):
    - libwebp/demux
  - libwebp/sharpyuv (1.3.2)
  - libwebp/webp (1.3.2):
    - libwebp/sharpyuv
  - nanopb (2.30907.0):
    - nanopb/decode (= 2.30907.0)
    - nanopb/encode (= 2.30907.0)
  - nanopb/decode (2.30907.0)
  - nanopb/encode (2.30907.0)
  - PromisesObjC (1.2.12)
  - razorpay-pod (1.3.4)
  - RCT-Folly (2021.07.22.00):
    - boost
    - DoubleConversion
    - fmt (~> 6.2.1)
    - glog
    - RCT-Folly/Default (= 2021.07.22.00)
  - RCT-Folly/Default (2021.07.22.00):
    - boost
    - DoubleConversion
    - fmt (~> 6.2.1)
    - glog
  - RCT-Folly/Futures (2021.07.22.00):
    - boost
    - DoubleConversion
    - fmt (~> 6.2.1)
    - glog
    - libevent
  - RCTRequired (0.72.3)
  - RCTTypeSafety (0.72.3):
    - FBLazyVector (= 0.72.3)
    - RCTRequired (= 0.72.3)
    - React-Core (= 0.72.3)
  - React (0.72.3):
    - React-Core (= 0.72.3)
    - React-Core/DevSupport (= 0.72.3)
    - React-Core/RCTWebSocket (= 0.72.3)
    - React-RCTActionSheet (= 0.72.3)
    - React-RCTAnimation (= 0.72.3)
    - React-RCTBlob (= 0.72.3)
    - React-RCTImage (= 0.72.3)
    - React-RCTLinking (= 0.72.3)
    - React-RCTNetwork (= 0.72.3)
    - React-RCTSettings (= 0.72.3)
    - React-RCTText (= 0.72.3)
    - React-RCTVibration (= 0.72.3)
  - React-callinvoker (0.72.3)
  - React-Codegen (0.72.3):
    - DoubleConversion
    - FBReactNativeSpec
    - glog
    - hermes-engine
    - RCT-Folly
    - RCTRequired
    - RCTTypeSafety
    - React-Core
    - React-jsi
    - React-jsiexecutor
    - React-NativeModulesApple
    - React-rncore
    - ReactCommon/turbomodule/bridging
    - ReactCommon/turbomodule/core
  - React-Core (0.72.3):
    - glog
    - hermes-engine
    - RCT-Folly (= 2021.07.22.00)
    - React-Core/Default (= 0.72.3)
    - React-cxxreact
    - React-hermes
    - React-jsi
    - React-jsiexecutor
    - React-perflogger
    - React-runtimeexecutor
    - React-utils
    - SocketRocket (= 0.6.1)
    - Yoga
  - React-Core/CoreModulesHeaders (0.72.3):
    - glog
    - hermes-engine
    - RCT-Folly (= 2021.07.22.00)
    - React-Core/Default
    - React-cxxreact
    - React-hermes
    - React-jsi
    - React-jsiexecutor
    - React-perflogger
    - React-runtimeexecutor
    - React-utils
    - SocketRocket (= 0.6.1)
    - Yoga
  - React-Core/Default (0.72.3):
    - glog
    - hermes-engine
    - RCT-Folly (= 2021.07.22.00)
    - React-cxxreact
    - React-hermes
    - React-jsi
    - React-jsiexecutor
    - React-perflogger
    - React-runtimeexecutor
    - React-utils
    - SocketRocket (= 0.6.1)
    - Yoga
  - React-Core/DevSupport (0.72.3):
    - glog
    - hermes-engine
    - RCT-Folly (= 2021.07.22.00)
    - React-Core/Default (= 0.72.3)
    - React-Core/RCTWebSocket (= 0.72.3)
    - React-cxxreact
    - React-hermes
    - React-jsi
    - React-jsiexecutor
    - React-jsinspector (= 0.72.3)
    - React-perflogger
    - React-runtimeexecutor
    - React-utils
    - SocketRocket (= 0.6.1)
    - Yoga
  - React-Core/RCTActionSheetHeaders (0.72.3):
    - glog
    - hermes-engine
    - RCT-Folly (= 2021.07.22.00)
    - React-Core/Default
    - React-cxxreact
    - React-hermes
    - React-jsi
    - React-jsiexecutor
    - React-perflogger
    - React-runtimeexecutor
    - React-utils
    - SocketRocket (= 0.6.1)
    - Yoga
  - React-Core/RCTAnimationHeaders (0.72.3):
    - glog
    - hermes-engine
    - RCT-Folly (= 2021.07.22.00)
    - React-Core/Default
    - React-cxxreact
    - React-hermes
    - React-jsi
    - React-jsiexecutor
    - React-perflogger
    - React-runtimeexecutor
    - React-utils
    - SocketRocket (= 0.6.1)
    - Yoga
  - React-Core/RCTBlobHeaders (0.72.3):
    - glog
    - hermes-engine
    - RCT-Folly (= 2021.07.22.00)
    - React-Core/Default
    - React-cxxreact
    - React-hermes
    - React-jsi
    - React-jsiexecutor
    - React-perflogger
    - React-runtimeexecutor
    - React-utils
    - SocketRocket (= 0.6.1)
    - Yoga
  - React-Core/RCTImageHeaders (0.72.3):
    - glog
    - hermes-engine
    - RCT-Folly (= 2021.07.22.00)
    - React-Core/Default
    - React-cxxreact
    - React-hermes
    - React-jsi
    - React-jsiexecutor
    - React-perflogger
    - React-runtimeexecutor
    - React-utils
    - SocketRocket (= 0.6.1)
    - Yoga
  - React-Core/RCTLinkingHeaders (0.72.3):
    - glog
    - hermes-engine
    - RCT-Folly (= 2021.07.22.00)
    - React-Core/Default
    - React-cxxreact
    - React-hermes
    - React-jsi
    - React-jsiexecutor
    - React-perflogger
    - React-runtimeexecutor
    - React-utils
    - SocketRocket (= 0.6.1)
    - Yoga
  - React-Core/RCTNetworkHeaders (0.72.3):
    - glog
    - hermes-engine
    - RCT-Folly (= 2021.07.22.00)
    - React-Core/Default
    - React-cxxreact
    - React-hermes
    - React-jsi
    - React-jsiexecutor
    - React-perflogger
    - React-runtimeexecutor
    - React-utils
    - SocketRocket (= 0.6.1)
    - Yoga
  - React-Core/RCTSettingsHeaders (0.72.3):
    - glog
    - hermes-engine
    - RCT-Folly (= 2021.07.22.00)
    - React-Core/Default
    - React-cxxreact
    - React-hermes
    - React-jsi
    - React-jsiexecutor
    - React-perflogger
    - React-runtimeexecutor
    - React-utils
    - SocketRocket (= 0.6.1)
    - Yoga
  - React-Core/RCTTextHeaders (0.72.3):
    - glog
    - hermes-engine
    - RCT-Folly (= 2021.07.22.00)
    - React-Core/Default
    - React-cxxreact
    - React-hermes
    - React-jsi
    - React-jsiexecutor
    - React-perflogger
    - React-runtimeexecutor
    - React-utils
    - SocketRocket (= 0.6.1)
    - Yoga
  - React-Core/RCTVibrationHeaders (0.72.3):
    - glog
    - hermes-engine
    - RCT-Folly (= 2021.07.22.00)
    - React-Core/Default
    - React-cxxreact
    - React-hermes
    - React-jsi
    - React-jsiexecutor
    - React-perflogger
    - React-runtimeexecutor
    - React-utils
    - SocketRocket (= 0.6.1)
    - Yoga
  - React-Core/RCTWebSocket (0.72.3):
    - glog
    - hermes-engine
    - RCT-Folly (= 2021.07.22.00)
    - React-Core/Default (= 0.72.3)
    - React-cxxreact
    - React-hermes
    - React-jsi
    - React-jsiexecutor
    - React-perflogger
    - React-runtimeexecutor
    - React-utils
    - SocketRocket (= 0.6.1)
    - Yoga
  - React-CoreModules (0.72.3):
    - RCT-Folly (= 2021.07.22.00)
    - RCTTypeSafety (= 0.72.3)
    - React-Codegen (= 0.72.3)
    - React-Core/CoreModulesHeaders (= 0.72.3)
    - React-jsi (= 0.72.3)
    - React-RCTBlob
    - React-RCTImage (= 0.72.3)
    - ReactCommon/turbomodule/core (= 0.72.3)
    - SocketRocket (= 0.6.1)
  - React-cxxreact (0.72.3):
    - boost (= 1.76.0)
    - DoubleConversion
    - glog
    - hermes-engine
    - RCT-Folly (= 2021.07.22.00)
    - React-callinvoker (= 0.72.3)
    - React-debug (= 0.72.3)
    - React-jsi (= 0.72.3)
    - React-jsinspector (= 0.72.3)
    - React-logger (= 0.72.3)
    - React-perflogger (= 0.72.3)
    - React-runtimeexecutor (= 0.72.3)
  - React-debug (0.72.3)
  - React-hermes (0.72.3):
    - DoubleConversion
    - glog
    - hermes-engine
    - RCT-Folly (= 2021.07.22.00)
    - RCT-Folly/Futures (= 2021.07.22.00)
    - React-cxxreact (= 0.72.3)
    - React-jsi
    - React-jsiexecutor (= 0.72.3)
    - React-jsinspector (= 0.72.3)
    - React-perflogger (= 0.72.3)
  - React-jsi (0.72.3):
    - boost (= 1.76.0)
    - DoubleConversion
    - glog
    - hermes-engine
    - RCT-Folly (= 2021.07.22.00)
  - React-jsiexecutor (0.72.3):
    - DoubleConversion
    - glog
    - hermes-engine
    - RCT-Folly (= 2021.07.22.00)
    - React-cxxreact (= 0.72.3)
    - React-jsi (= 0.72.3)
    - React-perflogger (= 0.72.3)
  - React-jsinspector (0.72.3)
  - React-logger (0.72.3):
    - glog
  - react-native-background-timer (2.4.1):
    - React-Core
  - react-native-biometrics (3.0.1):
    - React-Core
  - react-native-blur (4.4.0):
    - RCT-Folly (= 2021.07.22.00)
    - React-Core
  - react-native-cashfree-pg-sdk (2.1.9):
    - CashfreePG (~> 2.0.9)
    - React-Core
  - react-native-charts-wrapper (0.5.11):
    - Charts (= 4.1.0)
    - React
    - SwiftyJSON (= 5.0)
  - react-native-document-picker (9.1.1):
    - React-Core
  - react-native-geolocation (3.2.0):
    - RCT-Folly (= 2021.07.22.00)
    - React-Core
  - react-native-image-picker (5.7.0):
    - React-Core
  - react-native-netinfo (9.5.0):
    - React-Core
  - react-native-razorpay (2.3.0):
    - razorpay-pod
    - React
  - react-native-safe-area-context (4.9.0):
    - React-Core
  - react-native-sqlite-storage (6.0.1):
    - React-Core
  - react-native-version-check (3.4.7):
    - React-Core
  - react-native-video (5.2.1):
    - React-Core
    - react-native-video/Video (= 5.2.1)
  - react-native-video/Video (5.2.1):
    - React-Core
  - react-native-view-shot (3.8.0):
    - React-Core
  - react-native-voice (3.1.5):
    - React-Core
  - react-native-zego-zim (2.15.0):
    - React
    - ZIM-Private (= 2.15.2.2624)
  - React-NativeModulesApple (0.72.3):
    - hermes-engine
    - React-callinvoker
    - React-Core
    - React-cxxreact
    - React-jsi
    - React-runtimeexecutor
    - ReactCommon/turbomodule/bridging
    - ReactCommon/turbomodule/core
  - React-perflogger (0.72.3)
  - React-RCTActionSheet (0.72.3):
    - React-Core/RCTActionSheetHeaders (= 0.72.3)
  - React-RCTAnimation (0.72.3):
    - RCT-Folly (= 2021.07.22.00)
    - RCTTypeSafety (= 0.72.3)
    - React-Codegen (= 0.72.3)
    - React-Core/RCTAnimationHeaders (= 0.72.3)
    - React-jsi (= 0.72.3)
    - ReactCommon/turbomodule/core (= 0.72.3)
  - React-RCTAppDelegate (0.72.3):
    - RCT-Folly
    - RCTRequired
    - RCTTypeSafety
    - React-Core
    - React-CoreModules
    - React-hermes
    - React-NativeModulesApple
    - React-RCTImage
    - React-RCTNetwork
    - React-runtimescheduler
    - ReactCommon/turbomodule/core
  - React-RCTBlob (0.72.3):
    - hermes-engine
    - RCT-Folly (= 2021.07.22.00)
    - React-Codegen (= 0.72.3)
    - React-Core/RCTBlobHeaders (= 0.72.3)
    - React-Core/RCTWebSocket (= 0.72.3)
    - React-jsi (= 0.72.3)
    - React-RCTNetwork (= 0.72.3)
    - ReactCommon/turbomodule/core (= 0.72.3)
  - React-RCTImage (0.72.3):
    - RCT-Folly (= 2021.07.22.00)
    - RCTTypeSafety (= 0.72.3)
    - React-Codegen (= 0.72.3)
    - React-Core/RCTImageHeaders (= 0.72.3)
    - React-jsi (= 0.72.3)
    - React-RCTNetwork (= 0.72.3)
    - ReactCommon/turbomodule/core (= 0.72.3)
  - React-RCTLinking (0.72.3):
    - React-Codegen (= 0.72.3)
    - React-Core/RCTLinkingHeaders (= 0.72.3)
    - React-jsi (= 0.72.3)
    - ReactCommon/turbomodule/core (= 0.72.3)
  - React-RCTNetwork (0.72.3):
    - RCT-Folly (= 2021.07.22.00)
    - RCTTypeSafety (= 0.72.3)
    - React-Codegen (= 0.72.3)
    - React-Core/RCTNetworkHeaders (= 0.72.3)
    - React-jsi (= 0.72.3)
    - ReactCommon/turbomodule/core (= 0.72.3)
  - React-RCTSettings (0.72.3):
    - RCT-Folly (= 2021.07.22.00)
    - RCTTypeSafety (= 0.72.3)
    - React-Codegen (= 0.72.3)
    - React-Core/RCTSettingsHeaders (= 0.72.3)
    - React-jsi (= 0.72.3)
    - ReactCommon/turbomodule/core (= 0.72.3)
  - React-RCTText (0.72.3):
    - React-Core/RCTTextHeaders (= 0.72.3)
  - React-RCTVibration (0.72.3):
    - RCT-Folly (= 2021.07.22.00)
    - React-Codegen (= 0.72.3)
    - React-Core/RCTVibrationHeaders (= 0.72.3)
    - React-jsi (= 0.72.3)
    - ReactCommon/turbomodule/core (= 0.72.3)
  - React-rncore (0.72.3)
  - React-runtimeexecutor (0.72.3):
    - React-jsi (= 0.72.3)
  - React-runtimescheduler (0.72.3):
    - glog
    - hermes-engine
    - RCT-Folly (= 2021.07.22.00)
    - React-callinvoker
    - React-debug
    - React-jsi
    - React-runtimeexecutor
  - React-utils (0.72.3):
    - glog
    - RCT-Folly (= 2021.07.22.00)
    - React-debug
  - ReactCommon/turbomodule/bridging (0.72.3):
    - DoubleConversion
    - glog
    - hermes-engine
    - RCT-Folly (= 2021.07.22.00)
    - React-callinvoker (= 0.72.3)
    - React-cxxreact (= 0.72.3)
    - React-jsi (= 0.72.3)
    - React-logger (= 0.72.3)
    - React-perflogger (= 0.72.3)
  - ReactCommon/turbomodule/core (0.72.3):
    - DoubleConversion
    - glog
    - hermes-engine
    - RCT-Folly (= 2021.07.22.00)
    - React-callinvoker (= 0.72.3)
    - React-cxxreact (= 0.72.3)
    - React-jsi (= 0.72.3)
    - React-logger (= 0.72.3)
    - React-perflogger (= 0.72.3)
  - rn-fetch-blob (0.12.0):
    - React-Core
  - RNCClipboard (1.5.1):
    - React-Core
  - RNCMaskedView (0.1.11):
    - React
  - RNDateTimePicker (7.6.2):
    - React-Core
  - RNDeviceInfo (10.13.1):
    - React-Core
  - RNFastImage (8.6.3):
    - React-Core
    - SDWebImage (~> 5.11.1)
    - SDWebImageWebPCoder (~> 0.8.4)
  - RNFBApp (10.8.1):
    - Firebase/CoreOnly (~> 7.6.0)
    - React-Core
  - RNFBCrashlytics (10.8.1):
    - Firebase/Crashlytics (~> 7.6.0)
    - React-Core
    - RNFBApp
  - RNFS (2.20.0):
    - React-Core
  - RNGestureHandler (2.15.0):
    - RCT-Folly (= 2021.07.22.00)
    - React-Core
  - RNPermissions (3.10.1):
    - React-Core
  - RNReanimated (3.7.2):
    - RCT-Folly (= 2021.07.22.00)
    - React-Core
    - ReactCommon/turbomodule/core
  - RNScreens (3.29.0):
    - RCT-Folly (= 2021.07.22.00)
    - React-Core
  - RNShare (9.4.1):
    - React-Core
  - RNVectorIcons (10.0.3):
    - RCT-Folly (= 2021.07.22.00)
    - React-Core
  - SDWebImage (5.11.1):
    - SDWebImage/Core (= 5.11.1)
  - SDWebImage/Core (5.11.1)
  - SDWebImageWebPCoder (0.8.5):
    - libwebp (~> 1.0)
    - SDWebImage/Core (~> 5.10)
  - SocketRocket (0.6.1)
  - SwiftAlgorithms (1.0.0)
  - SwiftyJSON (5.0.0)
  - Yoga (1.14.0)
  - ZIM-Private (2.15.2.2624)

DEPENDENCIES:
  - boost (from `../node_modules/react-native/third-party-podspecs/boost.podspec`)
  - DoubleConversion (from `../node_modules/react-native/third-party-podspecs/DoubleConversion.podspec`)
  - FBLazyVector (from `../node_modules/react-native/Libraries/FBLazyVector`)
  - FBReactNativeSpec (from `../node_modules/react-native/React/FBReactNativeSpec`)
  - glog (from `../node_modules/react-native/third-party-podspecs/glog.podspec`)
  - hermes-engine (from `../node_modules/react-native/sdks/hermes-engine/hermes-engine.podspec`)
  - libevent (~> 2.1.12)
  - RCT-Folly (from `../node_modules/react-native/third-party-podspecs/RCT-Folly.podspec`)
  - RCTRequired (from `../node_modules/react-native/Libraries/RCTRequired`)
  - RCTTypeSafety (from `../node_modules/react-native/Libraries/TypeSafety`)
  - React (from `../node_modules/react-native/`)
  - React-callinvoker (from `../node_modules/react-native/ReactCommon/callinvoker`)
  - React-Codegen (from `build/generated/ios`)
  - React-Core (from `../node_modules/react-native/`)
  - React-Core/RCTWebSocket (from `../node_modules/react-native/`)
  - React-CoreModules (from `../node_modules/react-native/React/CoreModules`)
  - React-cxxreact (from `../node_modules/react-native/ReactCommon/cxxreact`)
  - React-debug (from `../node_modules/react-native/ReactCommon/react/debug`)
  - React-hermes (from `../node_modules/react-native/ReactCommon/hermes`)
  - React-jsi (from `../node_modules/react-native/ReactCommon/jsi`)
  - React-jsiexecutor (from `../node_modules/react-native/ReactCommon/jsiexecutor`)
  - React-jsinspector (from `../node_modules/react-native/ReactCommon/jsinspector`)
  - React-logger (from `../node_modules/react-native/ReactCommon/logger`)
  - react-native-background-timer (from `../node_modules/react-native-background-timer`)
  - react-native-biometrics (from `../node_modules/react-native-biometrics`)
  - "react-native-blur (from `../node_modules/@react-native-community/blur`)"
  - react-native-cashfree-pg-sdk (from `../node_modules/react-native-cashfree-pg-sdk`)
  - react-native-charts-wrapper (from `../node_modules/react-native-charts-wrapper`)
  - react-native-document-picker (from `../node_modules/react-native-document-picker`)
  - "react-native-geolocation (from `../node_modules/@react-native-community/geolocation`)"
  - react-native-image-picker (from `../node_modules/react-native-image-picker`)
  - "react-native-netinfo (from `../node_modules/@react-native-community/netinfo`)"
  - react-native-razorpay (from `../node_modules/react-native-razorpay`)
  - react-native-safe-area-context (from `../node_modules/react-native-safe-area-context`)
  - react-native-sqlite-storage (from `../node_modules/react-native-sqlite-storage`)
  - react-native-version-check (from `../node_modules/react-native-version-check`)
  - react-native-video (from `../node_modules/react-native-video`)
  - react-native-view-shot (from `../node_modules/react-native-view-shot`)
  - "react-native-voice (from `../node_modules/@react-native-voice/voice`)"
  - react-native-zego-zim (from `../node_modules/zego-zim-react-native`)
  - React-NativeModulesApple (from `../node_modules/react-native/ReactCommon/react/nativemodule/core/platform/ios`)
  - React-perflogger (from `../node_modules/react-native/ReactCommon/reactperflogger`)
  - React-RCTActionSheet (from `../node_modules/react-native/Libraries/ActionSheetIOS`)
  - React-RCTAnimation (from `../node_modules/react-native/Libraries/NativeAnimation`)
  - React-RCTAppDelegate (from `../node_modules/react-native/Libraries/AppDelegate`)
  - React-RCTBlob (from `../node_modules/react-native/Libraries/Blob`)
  - React-RCTImage (from `../node_modules/react-native/Libraries/Image`)
  - React-RCTLinking (from `../node_modules/react-native/Libraries/LinkingIOS`)
  - React-RCTNetwork (from `../node_modules/react-native/Libraries/Network`)
  - React-RCTSettings (from `../node_modules/react-native/Libraries/Settings`)
  - React-RCTText (from `../node_modules/react-native/Libraries/Text`)
  - React-RCTVibration (from `../node_modules/react-native/Libraries/Vibration`)
  - React-rncore (from `../node_modules/react-native/ReactCommon`)
  - React-runtimeexecutor (from `../node_modules/react-native/ReactCommon/runtimeexecutor`)
  - React-runtimescheduler (from `../node_modules/react-native/ReactCommon/react/renderer/runtimescheduler`)
  - React-utils (from `../node_modules/react-native/ReactCommon/react/utils`)
  - ReactCommon/turbomodule/core (from `../node_modules/react-native/ReactCommon`)
  - rn-fetch-blob (from `../node_modules/rn-fetch-blob`)
  - "RNCClipboard (from `../node_modules/@react-native-community/clipboard`)"
  - "RNCMaskedView (from `../node_modules/@react-native-community/masked-view`)"
  - "RNDateTimePicker (from `../node_modules/@react-native-community/datetimepicker`)"
  - RNDeviceInfo (from `../node_modules/react-native-device-info`)
  - RNFastImage (from `../node_modules/react-native-fast-image`)
  - "RNFBApp (from `../node_modules/@react-native-firebase/app`)"
  - "RNFBCrashlytics (from `../node_modules/@react-native-firebase/crashlytics`)"
  - RNFS (from `../node_modules/react-native-fs`)
  - RNGestureHandler (from `../node_modules/react-native-gesture-handler`)
  - RNPermissions (from `../node_modules/react-native-permissions`)
  - RNReanimated (from `../node_modules/react-native-reanimated`)
  - RNScreens (from `../node_modules/react-native-screens`)
  - RNShare (from `../node_modules/react-native-share`)
  - RNVectorIcons (from `../node_modules/react-native-vector-icons`)
  - Yoga (from `../node_modules/react-native/ReactCommon/yoga`)

SPEC REPOS:
  trunk:
    - CashfreeAnalyticsSDK
    - CashfreePG
    - CashfreePGCoreSDK
    - CashfreePGUISDK
    - CFNetworkSDK
    - Charts
    - Firebase
    - FirebaseCore
    - FirebaseCoreDiagnostics
    - FirebaseCrashlytics
    - FirebaseInstallations
    - fmt
    - GoogleDataTransport
    - GoogleUtilities
    - libevent
    - libwebp
    - nanopb
    - PromisesObjC
    - razorpay-pod
    - SDWebImage
    - SDWebImageWebPCoder
    - SocketRocket
    - SwiftAlgorithms
    - SwiftyJSON
    - ZIM-Private

EXTERNAL SOURCES:
  boost:
    :podspec: "../node_modules/react-native/third-party-podspecs/boost.podspec"
  DoubleConversion:
    :podspec: "../node_modules/react-native/third-party-podspecs/DoubleConversion.podspec"
  FBLazyVector:
    :path: "../node_modules/react-native/Libraries/FBLazyVector"
  FBReactNativeSpec:
    :path: "../node_modules/react-native/React/FBReactNativeSpec"
  glog:
    :podspec: "../node_modules/react-native/third-party-podspecs/glog.podspec"
  hermes-engine:
    :podspec: "../node_modules/react-native/sdks/hermes-engine/hermes-engine.podspec"
    :tag: hermes-2023-03-20-RNv0.72.0-49794cfc7c81fb8f69fd60c3bbf85a7480cc5a77
  RCT-Folly:
    :podspec: "../node_modules/react-native/third-party-podspecs/RCT-Folly.podspec"
  RCTRequired:
    :path: "../node_modules/react-native/Libraries/RCTRequired"
  RCTTypeSafety:
    :path: "../node_modules/react-native/Libraries/TypeSafety"
  React:
    :path: "../node_modules/react-native/"
  React-callinvoker:
    :path: "../node_modules/react-native/ReactCommon/callinvoker"
  React-Codegen:
    :path: build/generated/ios
  React-Core:
    :path: "../node_modules/react-native/"
  React-CoreModules:
    :path: "../node_modules/react-native/React/CoreModules"
  React-cxxreact:
    :path: "../node_modules/react-native/ReactCommon/cxxreact"
  React-debug:
    :path: "../node_modules/react-native/ReactCommon/react/debug"
  React-hermes:
    :path: "../node_modules/react-native/ReactCommon/hermes"
  React-jsi:
    :path: "../node_modules/react-native/ReactCommon/jsi"
  React-jsiexecutor:
    :path: "../node_modules/react-native/ReactCommon/jsiexecutor"
  React-jsinspector:
    :path: "../node_modules/react-native/ReactCommon/jsinspector"
  React-logger:
    :path: "../node_modules/react-native/ReactCommon/logger"
  react-native-background-timer:
    :path: "../node_modules/react-native-background-timer"
  react-native-biometrics:
    :path: "../node_modules/react-native-biometrics"
  react-native-blur:
    :path: "../node_modules/@react-native-community/blur"
  react-native-cashfree-pg-sdk:
    :path: "../node_modules/react-native-cashfree-pg-sdk"
  react-native-charts-wrapper:
    :path: "../node_modules/react-native-charts-wrapper"
  react-native-document-picker:
    :path: "../node_modules/react-native-document-picker"
  react-native-geolocation:
    :path: "../node_modules/@react-native-community/geolocation"
  react-native-image-picker:
    :path: "../node_modules/react-native-image-picker"
  react-native-netinfo:
    :path: "../node_modules/@react-native-community/netinfo"
  react-native-razorpay:
    :path: "../node_modules/react-native-razorpay"
  react-native-safe-area-context:
    :path: "../node_modules/react-native-safe-area-context"
  react-native-sqlite-storage:
    :path: "../node_modules/react-native-sqlite-storage"
  react-native-version-check:
    :path: "../node_modules/react-native-version-check"
  react-native-video:
    :path: "../node_modules/react-native-video"
  react-native-view-shot:
    :path: "../node_modules/react-native-view-shot"
  react-native-voice:
    :path: "../node_modules/@react-native-voice/voice"
  react-native-zego-zim:
    :path: "../node_modules/zego-zim-react-native"
  React-NativeModulesApple:
    :path: "../node_modules/react-native/ReactCommon/react/nativemodule/core/platform/ios"
  React-perflogger:
    :path: "../node_modules/react-native/ReactCommon/reactperflogger"
  React-RCTActionSheet:
    :path: "../node_modules/react-native/Libraries/ActionSheetIOS"
  React-RCTAnimation:
    :path: "../node_modules/react-native/Libraries/NativeAnimation"
  React-RCTAppDelegate:
    :path: "../node_modules/react-native/Libraries/AppDelegate"
  React-RCTBlob:
    :path: "../node_modules/react-native/Libraries/Blob"
  React-RCTImage:
    :path: "../node_modules/react-native/Libraries/Image"
  React-RCTLinking:
    :path: "../node_modules/react-native/Libraries/LinkingIOS"
  React-RCTNetwork:
    :path: "../node_modules/react-native/Libraries/Network"
  React-RCTSettings:
    :path: "../node_modules/react-native/Libraries/Settings"
  React-RCTText:
    :path: "../node_modules/react-native/Libraries/Text"
  React-RCTVibration:
    :path: "../node_modules/react-native/Libraries/Vibration"
  React-rncore:
    :path: "../node_modules/react-native/ReactCommon"
  React-runtimeexecutor:
    :path: "../node_modules/react-native/ReactCommon/runtimeexecutor"
  React-runtimescheduler:
    :path: "../node_modules/react-native/ReactCommon/react/renderer/runtimescheduler"
  React-utils:
    :path: "../node_modules/react-native/ReactCommon/react/utils"
  ReactCommon:
    :path: "../node_modules/react-native/ReactCommon"
  rn-fetch-blob:
    :path: "../node_modules/rn-fetch-blob"
  RNCClipboard:
    :path: "../node_modules/@react-native-community/clipboard"
  RNCMaskedView:
    :path: "../node_modules/@react-native-community/masked-view"
  RNDateTimePicker:
    :path: "../node_modules/@react-native-community/datetimepicker"
  RNDeviceInfo:
    :path: "../node_modules/react-native-device-info"
  RNFastImage:
    :path: "../node_modules/react-native-fast-image"
  RNFBApp:
    :path: "../node_modules/@react-native-firebase/app"
  RNFBCrashlytics:
    :path: "../node_modules/@react-native-firebase/crashlytics"
  RNFS:
    :path: "../node_modules/react-native-fs"
  RNGestureHandler:
    :path: "../node_modules/react-native-gesture-handler"
  RNPermissions:
    :path: "../node_modules/react-native-permissions"
  RNReanimated:
    :path: "../node_modules/react-native-reanimated"
  RNScreens:
    :path: "../node_modules/react-native-screens"
  RNShare:
    :path: "../node_modules/react-native-share"
  RNVectorIcons:
    :path: "../node_modules/react-native-vector-icons"
  Yoga:
    :path: "../node_modules/react-native/ReactCommon/yoga"

SPEC CHECKSUMS:
  boost: 57d2868c099736d80fcd648bf211b4431e51a558
  CashfreeAnalyticsSDK: 6d3825916b1f37e38e26cc3b825eef31c9a8b4b9
  CashfreePG: 1dd86f7cfe5a674a304680437d8cdecbb7d50b5d
  CashfreePGCoreSDK: d2b251715acd96942097e480eeba584dd5ac289e
  CashfreePGUISDK: 1fbe9c4f730e2ba2a33a8a00f087be449a629851
  CFNetworkSDK: 02adc1210041ce65a6653049c730c9db2f73451a
  Charts: ce0768268078eee0336f122c3c4ca248e4e204c5
  DoubleConversion: 5189b271737e1565bdce30deb4a08d647e3f5f54
  FBLazyVector: 4cce221dd782d3ff7c4172167bba09d58af67ccb
  FBReactNativeSpec: c6bd9e179757b3c0ecf815864fae8032377903ef
  Firebase: e1e089d9aac215a52442583f818ab61de3c4581b
  FirebaseCore: 0a43b7f1c5b36f3358cd703011ca4c7e0df55870
  FirebaseCoreDiagnostics: 3d36e05da74cb8b7ce30e6594a8f201b982c725c
  FirebaseCrashlytics: 1e87b25303b1840b3c99c37ee427c3e9564a4be1
  FirebaseInstallations: a58d4f72ec5861840b84df489f2668d970df558a
  fmt: ff9d55029c625d3757ed641535fd4a75fedc7ce9
  glog: 04b94705f318337d7ead9e6d17c019bd9b1f6b1b
  GoogleDataTransport: 8b0e733ea77c9218778e5a9e34ba9508b8328939
  GoogleUtilities: 0759d1a57ebb953965c2dfe0ba4c82e95ccc2e34
  hermes-engine: 10fbd3f62405c41ea07e71973ea61e1878d07322
  libevent: 4049cae6c81cdb3654a443be001fb9bdceff7913
  libwebp: 1786c9f4ff8a279e4dac1e8f385004d5fc253009
  nanopb: 59221d7f958fb711001e6a449489542d92ae113e
  PromisesObjC: 3113f7f76903778cf4a0586bd1ab89329a0b7b97
  razorpay-pod: df3aa440969489d242c40ec606db9a0c7095743f
  RCT-Folly: 424b8c9a7a0b9ab2886ffe9c3b041ef628fd4fb1
  RCTRequired: a2faf4bad4e438ca37b2040cb8f7799baa065c18
  RCTTypeSafety: cb09f3e4747b6d18331a15eb05271de7441ca0b3
  React: 13109005b5353095c052f26af37413340ccf7a5d
  React-callinvoker: c8c87bce983aa499c13cb06d4447c025a35274d6
  React-Codegen: 56d9e5db91c1f2f10b106d8426dde6ff914bc88b
  React-Core: aaacca67f9ca54f142827e67f44bfbd815875eb6
  React-CoreModules: 32fab1d62416849a3b6dac6feff9d54e5ddc2d1e
  React-cxxreact: 37765b4975541105b2a3322a4b473417c158c869
  React-debug: 9e41f18416cb1bed4b7fdf771391cf973d14001e
  React-hermes: 935ae71fb3d7654e947beba8498835cd5e479707
  React-jsi: ec628dc7a15ffea969f237b0ea6d2fde212b19dd
  React-jsiexecutor: 59d1eb03af7d30b7d66589c410f13151271e8006
  React-jsinspector: b511447170f561157547bc0bef3f169663860be7
  React-logger: c5b527272d5f22eaa09bb3c3a690fee8f237ae95
  react-native-background-timer: 17ea5e06803401a379ebf1f20505b793ac44d0fe
  react-native-biometrics: 352e5a794bfffc46a0c86725ea7dc62deb085bdc
  react-native-blur: c4da0fcd0bb056420f62be1b2573987a69308c91
  react-native-cashfree-pg-sdk: 25e4e01823de05f8cddad84eaa56200c36222990
  react-native-charts-wrapper: 4461b72f48e737a490e968bf2468cc0fd2281681
  react-native-document-picker: 3599b238843369026201d2ef466df53f77ae0452
  react-native-geolocation: 79f48f6047efe1cb94c99b5d97415b510f97b948
  react-native-image-picker: 3269f75c251cdcd61ab51b911dd30d6fff8c6169
  react-native-netinfo: 48c5f79a84fbc3ba1d28a8b0d04adeda72885fa8
  react-native-razorpay: 0272dd684bc9148828c54a72e05059e3e2e8b813
  react-native-safe-area-context: b97eb6f9e3b7f437806c2ce5983f479f8eb5de4b
  react-native-sqlite-storage: f6d515e1c446d1e6d026aa5352908a25d4de3261
  react-native-version-check: 6cd36aad4e30b8e3216747e3b4ddeb09e0647af8
  react-native-video: c26780b224543c62d5e1b2a7244a5cd1b50e8253
  react-native-view-shot: 6b7ed61d77d88580fed10954d45fad0eb2d47688
  react-native-voice: 2b4ee948775b528dc450220406ee38c57c91b590
  react-native-zego-zim: b41b60eeab2794d19fab150be4a138a84df40110
  React-NativeModulesApple: a70913441b6e3f1645020aec5172e929cbeed577
  React-perflogger: 6bd153e776e6beed54c56b0847e1220a3ff92ba5
  React-RCTActionSheet: c0b62af44e610e69d9a2049a682f5dba4e9dff17
  React-RCTAnimation: fe7005136b58f58871cab2f70732343b6e330d30
  React-RCTAppDelegate: 004661e37e38e5378b42e7b40b3843e2ed9adf43
  React-RCTBlob: 7c1544c4581313d7f07dc2130bb1622cebde8039
  React-RCTImage: f80d68a674b84db1322bbe287d82501fcd7b28b1
  React-RCTLinking: a3cf63eb18070cfa90499ee9cbbc88ad33338b3d
  React-RCTNetwork: abde2f1c54ad9b42824685a8b2c854a25274d719
  React-RCTSettings: 6cb55e98d630e3594482b5a790c7655eddd805bd
  React-RCTText: 19425aea9d8b6ccae55a27916355b17ab577e56e
  React-RCTVibration: ea3a68a49873a54ced927c90923fc6932baf344a
  React-rncore: 9672a017af4a7da7495d911f0b690cbcae9dd18d
  React-runtimeexecutor: 369ae9bb3f83b65201c0c8f7d50b72280b5a1dbc
  React-runtimescheduler: cb554e8e314e72fc63def207b44962038ef03681
  React-utils: a9bb178ce1963770c2f68fd8133ae1ac939364e1
  ReactCommon: 07cf62a07880dbe979794dd8b16200c7c03a6c68
  rn-fetch-blob: f065bb7ab7fb48dd002629f8bdcb0336602d3cba
  RNCClipboard: 41d8d918092ae8e676f18adada19104fa3e68495
  RNCMaskedView: 0e1bc4bfa8365eba5fbbb71e07fbdc0555249489
  RNDateTimePicker: fc2e4f2795877d45e84d85659bebe627eba5c931
  RNDeviceInfo: 4f9c7cfd6b9db1b05eb919620a001cf35b536423
  RNFastImage: 5c9c9fed9c076e521b3f509fe79e790418a544e8
  RNFBApp: 4fade83b31c820939e040d8b3ce3b1f6580626cd
  RNFBCrashlytics: 4e244c4a85d19eee66237a66c9c2d6bc77864d51
  RNFS: 4ac0f0ea233904cb798630b3c077808c06931688
  RNGestureHandler: 6a0bca5c5b2fb62211e9a75d5f4ed877817c4412
  RNPermissions: 83fdbcbb8ea14fa49d492f02201422bf9df5b996
  RNReanimated: fc2bb0dcd073c218c1dd6ec872a268259b51a5a3
  RNScreens: 1c2444658fbb696a094272d946708167b1f63409
  RNShare: 32e97adc8d8c97d4a26bcdd3c45516882184f8b6
  RNVectorIcons: 6731bd488db95f4197433b30d81d03dc228b367e
  SDWebImage: a7f831e1a65eb5e285e3fb046a23fcfbf08e696d
  SDWebImageWebPCoder: 908b83b6adda48effe7667cd2b7f78c897e5111d
  SocketRocket: f32cd54efbe0f095c4d7594881e52619cfe80b17
  SwiftAlgorithms: 38dda4731d19027fdeee1125f973111bf3386b53
  SwiftyJSON: 36413e04c44ee145039d332b4f4e2d3e8d6c4db7
  Yoga: 8796b55dba14d7004f980b54bcc9833ee45b28ce
  ZIM-Private: 4968dbe10bf1a86986bc1838c15da38149a05c2e

PODFILE CHECKSUM: 63cce2e3f3ac0ea36a48599c6ac35bbe471c3c4f

COCOAPODS: 1.15.2
